{
  "name": "tinypng",
  "version": "1.0.0",
  "lockfileVersion": 1,
  "requires": true,
  "dependencies": {
    "colors": {
      "version": "1.4.0",
      "resolved": "https://registry.npmjs.org/colors/-/colors-1.4.0.tgz",
      "integrity": "sha512-a+UqTh4kgZg/SlGvfbzDHpgRu7AAQOmmqRHJnxhRZICKFUT91brVhNNt58CMWU9PsBbv3PDCZUHbVxuDiH2mtA=="
    },
    "node-tinypng": {
      "version": "0.0.5",
      "resolved": "https://registry.npmjs.org/node-tinypng/-/node-tinypng-0.0.5.tgz",
      "integrity": "sha512-76RFTyTBGir8bQQ6KtfTDVGa1UUs8LXSDlQNoWnhsgCiyfcu5tTjG5+IJ5PkRMhfPF4AhDCKLk8y7kA18Nbv8g==",
      "requires": {
        "colors": "^1.1.2"
      }
    }
  }
}
